
Microsoft Visual Studio Solution File, Format Version 12.00
# Visual Studio Version 16
VisualStudioVersion = 16.0.808.3
MinimumVisualStudioVersion = 10.0.40219.1
Project("{FAE04EC0-301F-11D3-BF4B-00C04F79EFBC}") = "gloryhall", "gloryhall\gloryhall.csproj", "{EC8C18D9-5EA7-4782-ABA5-46D7936CF869}"
EndProject
Global
	GlobalSection(SolutionConfigurationPlatforms) = preSolution
		Debug|Any CPU = Debug|Any CPU
		Release|Any CPU = Release|Any CPU
	EndGlobalSection
	GlobalSection(ProjectConfigurationPlatforms) = postSolution
		{EC8C18D9-5EA7-4782-ABA5-46D7936CF869}.Debug|Any CPU.ActiveCfg = Debug|Any CPU
		{EC8C18D9-5EA7-4782-ABA5-46D7936CF869}.Debug|Any CPU.Build.0 = Debug|Any CPU
		{EC8C18D9-5EA7-4782-ABA5-46D7936CF869}.Release|Any CPU.ActiveCfg = Release|Any CPU
		{EC8C18D9-5EA7-4782-ABA5-46D7936CF869}.Release|Any CPU.Build.0 = Release|Any CPU
	EndGlobalSection
	GlobalSection(SolutionProperties) = preSolution
		HideSolutionNode = FALSE
	EndGlobalSection
	GlobalSection(ExtensibilityGlobals) = postSolution
		SolutionGuid = {5C776B3B-CEBC-4436-9887-968AD8EFA819}
	EndGlobalSection
EndGlobal
